
Microsoft Visual Studio Solution File, Format Version 12.00
# Visual Studio Version 17
VisualStudioVersion = 17.6.33829.357
MinimumVisualStudioVersion = 10.0.40219.1
Project("{FAE04EC0-301F-11D3-BF4B-00C04F79EFBC}") = "OpenCV1", "OpenCV1\OpenCV1.csproj", "{533990FD-6D18-45BE-B79A-E9ACF984464F}"
EndProject
Global
	GlobalSection(SolutionConfigurationPlatforms) = preSolution
		Debug|Any CPU = Debug|Any CPU
		Release|Any CPU = Release|Any CPU
	EndGlobalSection
	GlobalSection(ProjectConfigurationPlatforms) = postSolution
		{533990FD-6D18-45BE-B79A-E9ACF984464F}.Debug|Any CPU.ActiveCfg = Debug|Any CPU
		{533990FD-6D18-45BE-B79A-E9ACF984464F}.Debug|Any CPU.Build.0 = Debug|Any CPU
		{533990FD-6D18-45BE-B79A-E9ACF984464F}.Release|Any CPU.ActiveCfg = Release|Any CPU
		{533990FD-6D18-45BE-B79A-E9ACF984464F}.Release|Any CPU.Build.0 = Release|Any CPU
	EndGlobalSection
	GlobalSection(SolutionProperties) = preSolution
		HideSolutionNode = FALSE
	EndGlobalSection
	GlobalSection(ExtensibilityGlobals) = postSolution
		SolutionGuid = {ACD93B78-698A-44B9-9EB4-5789165A7E51}
	EndGlobalSection
EndGlobal
